
Microsoft Visual Studio Solution File, Format Version 12.00
# Visual Studio 2013
VisualStudioVersion = 12.0.31101.0
MinimumVisualStudioVersion = 10.0.40219.1
Project("{FAE04EC0-301F-11D3-BF4B-00C04F79EFBC}") = "test", "test\test.csproj", "{5D42D76F-CC82-462D-8D42-B9AFBE1DAC99}"
EndProject
Project("{FAE04EC0-301F-11D3-BF4B-00C04F79EFBC}") = "Publish", "Publish\Publish.csproj", "{0D19F504-0910-4AC0-9D28-B7195B6A5841}"
EndProject
Project("{FAE04EC0-301F-11D3-BF4B-00C04F79EFBC}") = "oAuth", "oAuth\oAuth.csproj", "{13210F07-FB5A-4BF1-AC44-0AE37690C2AA}"
EndProject
Project("{FAE04EC0-301F-11D3-BF4B-00C04F79EFBC}") = "RequireJS", "RequireJS\RequireJS.csproj", "{73C8AA6D-47C2-4CA3-AB83-2003F0EA5196}"
EndProject
Project("{FAE04EC0-301F-11D3-BF4B-00C04F79EFBC}") = "Proxy", "Proxy\Proxy.csproj", "{B92EC641-4635-401E-A92B-91AE108D25E4}"
EndProject
Project("{FAE04EC0-301F-11D3-BF4B-00C04F79EFBC}") = "WebAPI", "WebAPI\WebAPI.csproj", "{06B1E463-2469-4839-9127-FD26AB92BC1C}"
EndProject
Project("{FAE04EC0-301F-11D3-BF4B-00C04F79EFBC}") = "WebAPIClient", "WebAPIClient\WebAPIClient.csproj", "{1A70532A-373E-458D-839F-FF6D10890022}"
EndProject
Project("{FAE04EC0-301F-11D3-BF4B-00C04F79EFBC}") = "Tasks", "Tasks\Tasks.csproj", "{A896C2B5-0B75-4ABC-8D7F-524805ABBF08}"
EndProject
Project("{FAE04EC0-301F-11D3-BF4B-00C04F79EFBC}") = "Ninject", "Ninject\Ninject.csproj", "{B21B8BBD-8DF3-4526-B1CF-2DF1FBF106B3}"
EndProject
Project("{FAE04EC0-301F-11D3-BF4B-00C04F79EFBC}") = "WCFSerializer", "WCFSerializer\WCFSerializer.csproj", "{54143795-F8DE-4266-BA88-BCF07645458A}"
EndProject
Project("{FAE04EC0-301F-11D3-BF4B-00C04F79EFBC}") = "ServiceInvoke", "ServiceInvoke\ServiceInvoke.csproj", "{01DFF20A-7311-44A3-B99B-2358FB7B7D28}"
	ProjectSection(ProjectDependencies) = postProject
		{54143795-F8DE-4266-BA88-BCF07645458A} = {54143795-F8DE-4266-BA88-BCF07645458A}
	EndProjectSection
EndProject
Project("{FAE04EC0-301F-11D3-BF4B-00C04F79EFBC}") = "SvcUtilInvoker", "SvcUtilInvoker\SvcUtilInvoker.csproj", "{25E37DE3-B14A-407E-A089-71E4655531C8}"
EndProject
Project("{FAE04EC0-301F-11D3-BF4B-00C04F79EFBC}") = "WcfRestful", "WcfRestful\WcfRestful.csproj", "{130C3351-C7E0-47A0-B7FA-202323F02DA2}"
EndProject
Project("{FAE04EC0-301F-11D3-BF4B-00C04F79EFBC}") = "WcfRestfulClient", "WcfRestfulClient\WcfRestfulClient.csproj", "{C6414DE3-0352-43F1-AAEA-5570F49E9FB7}"
	ProjectSection(ProjectDependencies) = postProject
		{130C3351-C7E0-47A0-B7FA-202323F02DA2} = {130C3351-C7E0-47A0-B7FA-202323F02DA2}
	EndProjectSection
EndProject
Project("{FAE04EC0-301F-11D3-BF4B-00C04F79EFBC}") = "WebApiSeflHost", "WebApiSeflHost\WebApiSeflHost.csproj", "{E6C83A5F-5393-483C-BB0E-19C0C495DF9E}"
EndProject
Project("{FAE04EC0-301F-11D3-BF4B-00C04F79EFBC}") = "Redis", "Redis\Redis.csproj", "{3B74A66A-0051-4FF5-81A0-673FE425A938}"
EndProject
Project("{FAE04EC0-301F-11D3-BF4B-00C04F79EFBC}") = "WebApi2.0", "WebApi2.0\WebApi2.0.csproj", "{C432BF6B-F22C-4151-9D1A-B457C0A6B5A1}"
EndProject
Project("{FAE04EC0-301F-11D3-BF4B-00C04F79EFBC}") = "WcfRotingService", "WcfRotingService\WcfRotingService.csproj", "{E1243B43-9EEE-49A7-B129-02F59417F027}"
EndProject
Project("{FAE04EC0-301F-11D3-BF4B-00C04F79EFBC}") = "WcfWorkService", "WcfWorkService\WcfWorkService.csproj", "{AE23F706-0DC2-42AB-9CE7-C461E2599D19}"
EndProject
Project("{FAE04EC0-301F-11D3-BF4B-00C04F79EFBC}") = "WcfWorkClient", "WcfWorkClient\WcfWorkClient.csproj", "{A82BF020-D50D-4329-98FC-688E63A84322}"
EndProject
Project("{FAE04EC0-301F-11D3-BF4B-00C04F79EFBC}") = "WcfMexService", "WcfMexService\WcfMexService.csproj", "{6A486082-0B2B-4E56-9421-F42527D58C67}"
EndProject
Project("{FAE04EC0-301F-11D3-BF4B-00C04F79EFBC}") = "Parallel", "Parallel\Parallel.csproj", "{10282A88-8959-41FB-A31E-480E4D5946D6}"
EndProject
Project("{FAE04EC0-301F-11D3-BF4B-00C04F79EFBC}") = "SyncMvc", "SyncMvc\SyncMvc.csproj", "{47381035-F6CA-4112-B829-48282ADEA5F1}"
EndProject
Project("{FAE04EC0-301F-11D3-BF4B-00C04F79EFBC}") = "MSMQ", "MSMQ\MSMQ.csproj", "{4995EE9C-0BED-4869-B1F7-35F81F99BFCE}"
EndProject
Project("{FAE04EC0-301F-11D3-BF4B-00C04F79EFBC}") = "test2", "test2\test2.csproj", "{489E7D8C-14B6-4519-BD5D-274D7FA4D7D4}"
EndProject
Project("{FAE04EC0-301F-11D3-BF4B-00C04F79EFBC}") = "AuthTicket", "AuthTicket\AuthTicket.csproj", "{6837FCA8-4178-4D0D-9D8C-DAA03418DCCB}"
EndProject
Project("{FAE04EC0-301F-11D3-BF4B-00C04F79EFBC}") = "Site1", "Site1\Site1.csproj", "{4CA715C0-54AC-4117-AE38-AC53AFC84C8E}"
EndProject
Project("{FAE04EC0-301F-11D3-BF4B-00C04F79EFBC}") = "Site2", "Site2\Site2.csproj", "{48B1079C-3CB1-4424-8F67-64D949CE734D}"
EndProject
Project("{FAE04EC0-301F-11D3-BF4B-00C04F79EFBC}") = "WinService", "WinService\WinService.csproj", "{A4639319-FEB9-4BCE-B1EC-F27AAE0AC642}"
EndProject
Project("{FAE04EC0-301F-11D3-BF4B-00C04F79EFBC}") = "Zookeeper", "Zookeeper\Zookeeper.csproj", "{31D5273E-295E-41C6-8EE0-228F71A02C43}"
EndProject
Project("{FAE04EC0-301F-11D3-BF4B-00C04F79EFBC}") = "ConsoleApplication1", "ConsoleApplication1\ConsoleApplication1.csproj", "{239C3D79-BEE4-42A3-93BF-F4EB583558E9}"
EndProject
Project("{FAE04EC0-301F-11D3-BF4B-00C04F79EFBC}") = "DynamicProxy111", "DynamicProxy111\DynamicProxy111.csproj", "{F3B4B4ED-82CD-409D-8FD2-4FEA96A3C527}"
EndProject
Project("{FAE04EC0-301F-11D3-BF4B-00C04F79EFBC}") = "PartialTest", "PartialTest\PartialTest.csproj", "{8B1E506B-49C1-408E-A342-E0324CD7DCC1}"
EndProject
Project("{FAE04EC0-301F-11D3-BF4B-00C04F79EFBC}") = "MvcTest", "MvcTest\MvcTest.csproj", "{8FF1469F-1263-4531-A3B4-595C7B0EBBB1}"
EndProject
Project("{FAE04EC0-301F-11D3-BF4B-00C04F79EFBC}") = "WebApplication1", "WebApplication1\WebApplication1.csproj", "{4EA06E71-4761-4EC4-B2E5-F928669B5F5D}"
EndProject
Project("{FAE04EC0-301F-11D3-BF4B-00C04F79EFBC}") = "Mongodb", "Mongodb\Mongodb.csproj", "{1B35642B-3B2C-4011-A751-01F6A5F8EB27}"
EndProject
Project("{FAE04EC0-301F-11D3-BF4B-00C04F79EFBC}") = "Async", "Async\Async.csproj", "{88BE2545-8259-43E3-8267-71B9461AD379}"
EndProject
Global
	GlobalSection(SolutionConfigurationPlatforms) = preSolution
		Debug|Any CPU = Debug|Any CPU
		Release|Any CPU = Release|Any CPU
	EndGlobalSection
	GlobalSection(ProjectConfigurationPlatforms) = postSolution
		{5D42D76F-CC82-462D-8D42-B9AFBE1DAC99}.Debug|Any CPU.ActiveCfg = Debug|Any CPU
		{5D42D76F-CC82-462D-8D42-B9AFBE1DAC99}.Debug|Any CPU.Build.0 = Debug|Any CPU
		{5D42D76F-CC82-462D-8D42-B9AFBE1DAC99}.Release|Any CPU.ActiveCfg = Release|Any CPU
		{5D42D76F-CC82-462D-8D42-B9AFBE1DAC99}.Release|Any CPU.Build.0 = Release|Any CPU
		{0D19F504-0910-4AC0-9D28-B7195B6A5841}.Debug|Any CPU.ActiveCfg = Debug|Any CPU
		{0D19F504-0910-4AC0-9D28-B7195B6A5841}.Debug|Any CPU.Build.0 = Debug|Any CPU
		{0D19F504-0910-4AC0-9D28-B7195B6A5841}.Release|Any CPU.ActiveCfg = Release|Any CPU
		{0D19F504-0910-4AC0-9D28-B7195B6A5841}.Release|Any CPU.Build.0 = Release|Any CPU
		{13210F07-FB5A-4BF1-AC44-0AE37690C2AA}.Debug|Any CPU.ActiveCfg = Debug|Any CPU
		{13210F07-FB5A-4BF1-AC44-0AE37690C2AA}.Debug|Any CPU.Build.0 = Debug|Any CPU
		{13210F07-FB5A-4BF1-AC44-0AE37690C2AA}.Release|Any CPU.ActiveCfg = Release|Any CPU
		{13210F07-FB5A-4BF1-AC44-0AE37690C2AA}.Release|Any CPU.Build.0 = Release|Any CPU
		{73C8AA6D-47C2-4CA3-AB83-2003F0EA5196}.Debug|Any CPU.ActiveCfg = Debug|Any CPU
		{73C8AA6D-47C2-4CA3-AB83-2003F0EA5196}.Debug|Any CPU.Build.0 = Debug|Any CPU
		{73C8AA6D-47C2-4CA3-AB83-2003F0EA5196}.Release|Any CPU.ActiveCfg = Release|Any CPU
		{73C8AA6D-47C2-4CA3-AB83-2003F0EA5196}.Release|Any CPU.Build.0 = Release|Any CPU
		{B92EC641-4635-401E-A92B-91AE108D25E4}.Debug|Any CPU.ActiveCfg = Debug|Any CPU
		{B92EC641-4635-401E-A92B-91AE108D25E4}.Debug|Any CPU.Build.0 = Debug|Any CPU
		{B92EC641-4635-401E-A92B-91AE108D25E4}.Release|Any CPU.ActiveCfg = Release|Any CPU
		{B92EC641-4635-401E-A92B-91AE108D25E4}.Release|Any CPU.Build.0 = Release|Any CPU
		{06B1E463-2469-4839-9127-FD26AB92BC1C}.Debug|Any CPU.ActiveCfg = Debug|Any CPU
		{06B1E463-2469-4839-9127-FD26AB92BC1C}.Debug|Any CPU.Build.0 = Debug|Any CPU
		{06B1E463-2469-4839-9127-FD26AB92BC1C}.Release|Any CPU.ActiveCfg = Release|Any CPU
		{06B1E463-2469-4839-9127-FD26AB92BC1C}.Release|Any CPU.Build.0 = Release|Any CPU
		{1A70532A-373E-458D-839F-FF6D10890022}.Debug|Any CPU.ActiveCfg = Debug|Any CPU
		{1A70532A-373E-458D-839F-FF6D10890022}.Debug|Any CPU.Build.0 = Debug|Any CPU
		{1A70532A-373E-458D-839F-FF6D10890022}.Release|Any CPU.ActiveCfg = Release|Any CPU
		{1A70532A-373E-458D-839F-FF6D10890022}.Release|Any CPU.Build.0 = Release|Any CPU
		{A896C2B5-0B75-4ABC-8D7F-524805ABBF08}.Debug|Any CPU.ActiveCfg = Debug|Any CPU
		{A896C2B5-0B75-4ABC-8D7F-524805ABBF08}.Debug|Any CPU.Build.0 = Debug|Any CPU
		{A896C2B5-0B75-4ABC-8D7F-524805ABBF08}.Release|Any CPU.ActiveCfg = Release|Any CPU
		{A896C2B5-0B75-4ABC-8D7F-524805ABBF08}.Release|Any CPU.Build.0 = Release|Any CPU
		{B21B8BBD-8DF3-4526-B1CF-2DF1FBF106B3}.Debug|Any CPU.ActiveCfg = Debug|Any CPU
		{B21B8BBD-8DF3-4526-B1CF-2DF1FBF106B3}.Debug|Any CPU.Build.0 = Debug|Any CPU
		{B21B8BBD-8DF3-4526-B1CF-2DF1FBF106B3}.Release|Any CPU.ActiveCfg = Release|Any CPU
		{B21B8BBD-8DF3-4526-B1CF-2DF1FBF106B3}.Release|Any CPU.Build.0 = Release|Any CPU
		{54143795-F8DE-4266-BA88-BCF07645458A}.Debug|Any CPU.ActiveCfg = Debug|Any CPU
		{54143795-F8DE-4266-BA88-BCF07645458A}.Debug|Any CPU.Build.0 = Debug|Any CPU
		{54143795-F8DE-4266-BA88-BCF07645458A}.Release|Any CPU.ActiveCfg = Release|Any CPU
		{54143795-F8DE-4266-BA88-BCF07645458A}.Release|Any CPU.Build.0 = Release|Any CPU
		{01DFF20A-7311-44A3-B99B-2358FB7B7D28}.Debug|Any CPU.ActiveCfg = Debug|Any CPU
		{01DFF20A-7311-44A3-B99B-2358FB7B7D28}.Debug|Any CPU.Build.0 = Debug|Any CPU
		{01DFF20A-7311-44A3-B99B-2358FB7B7D28}.Release|Any CPU.ActiveCfg = Release|Any CPU
		{01DFF20A-7311-44A3-B99B-2358FB7B7D28}.Release|Any CPU.Build.0 = Release|Any CPU
		{25E37DE3-B14A-407E-A089-71E4655531C8}.Debug|Any CPU.ActiveCfg = Debug|Any CPU
		{25E37DE3-B14A-407E-A089-71E4655531C8}.Debug|Any CPU.Build.0 = Debug|Any CPU
		{25E37DE3-B14A-407E-A089-71E4655531C8}.Release|Any CPU.ActiveCfg = Release|Any CPU
		{25E37DE3-B14A-407E-A089-71E4655531C8}.Release|Any CPU.Build.0 = Release|Any CPU
		{130C3351-C7E0-47A0-B7FA-202323F02DA2}.Debug|Any CPU.ActiveCfg = Debug|Any CPU
		{130C3351-C7E0-47A0-B7FA-202323F02DA2}.Debug|Any CPU.Build.0 = Debug|Any CPU
		{130C3351-C7E0-47A0-B7FA-202323F02DA2}.Release|Any CPU.ActiveCfg = Release|Any CPU
		{130C3351-C7E0-47A0-B7FA-202323F02DA2}.Release|Any CPU.Build.0 = Release|Any CPU
		{C6414DE3-0352-43F1-AAEA-5570F49E9FB7}.Debug|Any CPU.ActiveCfg = Debug|Any CPU
		{C6414DE3-0352-43F1-AAEA-5570F49E9FB7}.Debug|Any CPU.Build.0 = Debug|Any CPU
		{C6414DE3-0352-43F1-AAEA-5570F49E9FB7}.Release|Any CPU.ActiveCfg = Release|Any CPU
		{C6414DE3-0352-43F1-AAEA-5570F49E9FB7}.Release|Any CPU.Build.0 = Release|Any CPU
		{E6C83A5F-5393-483C-BB0E-19C0C495DF9E}.Debug|Any CPU.ActiveCfg = Debug|Any CPU
		{E6C83A5F-5393-483C-BB0E-19C0C495DF9E}.Debug|Any CPU.Build.0 = Debug|Any CPU
		{E6C83A5F-5393-483C-BB0E-19C0C495DF9E}.Release|Any CPU.ActiveCfg = Release|Any CPU
		{E6C83A5F-5393-483C-BB0E-19C0C495DF9E}.Release|Any CPU.Build.0 = Release|Any CPU
		{3B74A66A-0051-4FF5-81A0-673FE425A938}.Debug|Any CPU.ActiveCfg = Debug|Any CPU
		{3B74A66A-0051-4FF5-81A0-673FE425A938}.Debug|Any CPU.Build.0 = Debug|Any CPU
		{3B74A66A-0051-4FF5-81A0-673FE425A938}.Release|Any CPU.ActiveCfg = Release|Any CPU
		{3B74A66A-0051-4FF5-81A0-673FE425A938}.Release|Any CPU.Build.0 = Release|Any CPU
		{C432BF6B-F22C-4151-9D1A-B457C0A6B5A1}.Debug|Any CPU.ActiveCfg = Debug|Any CPU
		{C432BF6B-F22C-4151-9D1A-B457C0A6B5A1}.Debug|Any CPU.Build.0 = Debug|Any CPU
		{C432BF6B-F22C-4151-9D1A-B457C0A6B5A1}.Release|Any CPU.ActiveCfg = Release|Any CPU
		{C432BF6B-F22C-4151-9D1A-B457C0A6B5A1}.Release|Any CPU.Build.0 = Release|Any CPU
		{E1243B43-9EEE-49A7-B129-02F59417F027}.Debug|Any CPU.ActiveCfg = Debug|Any CPU
		{E1243B43-9EEE-49A7-B129-02F59417F027}.Debug|Any CPU.Build.0 = Debug|Any CPU
		{E1243B43-9EEE-49A7-B129-02F59417F027}.Release|Any CPU.ActiveCfg = Release|Any CPU
		{E1243B43-9EEE-49A7-B129-02F59417F027}.Release|Any CPU.Build.0 = Release|Any CPU
		{AE23F706-0DC2-42AB-9CE7-C461E2599D19}.Debug|Any CPU.ActiveCfg = Debug|Any CPU
		{AE23F706-0DC2-42AB-9CE7-C461E2599D19}.Debug|Any CPU.Build.0 = Debug|Any CPU
		{AE23F706-0DC2-42AB-9CE7-C461E2599D19}.Release|Any CPU.ActiveCfg = Release|Any CPU
		{AE23F706-0DC2-42AB-9CE7-C461E2599D19}.Release|Any CPU.Build.0 = Release|Any CPU
		{A82BF020-D50D-4329-98FC-688E63A84322}.Debug|Any CPU.ActiveCfg = Debug|Any CPU
		{A82BF020-D50D-4329-98FC-688E63A84322}.Debug|Any CPU.Build.0 = Debug|Any CPU
		{A82BF020-D50D-4329-98FC-688E63A84322}.Release|Any CPU.ActiveCfg = Release|Any CPU
		{A82BF020-D50D-4329-98FC-688E63A84322}.Release|Any CPU.Build.0 = Release|Any CPU
		{6A486082-0B2B-4E56-9421-F42527D58C67}.Debug|Any CPU.ActiveCfg = Debug|Any CPU
		{6A486082-0B2B-4E56-9421-F42527D58C67}.Debug|Any CPU.Build.0 = Debug|Any CPU
		{6A486082-0B2B-4E56-9421-F42527D58C67}.Release|Any CPU.ActiveCfg = Release|Any CPU
		{6A486082-0B2B-4E56-9421-F42527D58C67}.Release|Any CPU.Build.0 = Release|Any CPU
		{10282A88-8959-41FB-A31E-480E4D5946D6}.Debug|Any CPU.ActiveCfg = Debug|Any CPU
		{10282A88-8959-41FB-A31E-480E4D5946D6}.Debug|Any CPU.Build.0 = Debug|Any CPU
		{10282A88-8959-41FB-A31E-480E4D5946D6}.Release|Any CPU.ActiveCfg = Release|Any CPU
		{10282A88-8959-41FB-A31E-480E4D5946D6}.Release|Any CPU.Build.0 = Release|Any CPU
		{47381035-F6CA-4112-B829-48282ADEA5F1}.Debug|Any CPU.ActiveCfg = Debug|Any CPU
		{47381035-F6CA-4112-B829-48282ADEA5F1}.Debug|Any CPU.Build.0 = Debug|Any CPU
		{47381035-F6CA-4112-B829-48282ADEA5F1}.Release|Any CPU.ActiveCfg = Release|Any CPU
		{47381035-F6CA-4112-B829-48282ADEA5F1}.Release|Any CPU.Build.0 = Release|Any CPU
		{4995EE9C-0BED-4869-B1F7-35F81F99BFCE}.Debug|Any CPU.ActiveCfg = Debug|Any CPU
		{4995EE9C-0BED-4869-B1F7-35F81F99BFCE}.Debug|Any CPU.Build.0 = Debug|Any CPU
		{4995EE9C-0BED-4869-B1F7-35F81F99BFCE}.Release|Any CPU.ActiveCfg = Release|Any CPU
		{4995EE9C-0BED-4869-B1F7-35F81F99BFCE}.Release|Any CPU.Build.0 = Release|Any CPU
		{489E7D8C-14B6-4519-BD5D-274D7FA4D7D4}.Debug|Any CPU.ActiveCfg = Debug|Any CPU
		{489E7D8C-14B6-4519-BD5D-274D7FA4D7D4}.Debug|Any CPU.Build.0 = Debug|Any CPU
		{489E7D8C-14B6-4519-BD5D-274D7FA4D7D4}.Release|Any CPU.ActiveCfg = Release|Any CPU
		{489E7D8C-14B6-4519-BD5D-274D7FA4D7D4}.Release|Any CPU.Build.0 = Release|Any CPU
		{6837FCA8-4178-4D0D-9D8C-DAA03418DCCB}.Debug|Any CPU.ActiveCfg = Debug|Any CPU
		{6837FCA8-4178-4D0D-9D8C-DAA03418DCCB}.Debug|Any CPU.Build.0 = Debug|Any CPU
		{6837FCA8-4178-4D0D-9D8C-DAA03418DCCB}.Release|Any CPU.ActiveCfg = Release|Any CPU
		{6837FCA8-4178-4D0D-9D8C-DAA03418DCCB}.Release|Any CPU.Build.0 = Release|Any CPU
		{4CA715C0-54AC-4117-AE38-AC53AFC84C8E}.Debug|Any CPU.ActiveCfg = Debug|Any CPU
		{4CA715C0-54AC-4117-AE38-AC53AFC84C8E}.Debug|Any CPU.Build.0 = Debug|Any CPU
		{4CA715C0-54AC-4117-AE38-AC53AFC84C8E}.Release|Any CPU.ActiveCfg = Release|Any CPU
		{4CA715C0-54AC-4117-AE38-AC53AFC84C8E}.Release|Any CPU.Build.0 = Release|Any CPU
		{48B1079C-3CB1-4424-8F67-64D949CE734D}.Debug|Any CPU.ActiveCfg = Debug|Any CPU
		{48B1079C-3CB1-4424-8F67-64D949CE734D}.Debug|Any CPU.Build.0 = Debug|Any CPU
		{48B1079C-3CB1-4424-8F67-64D949CE734D}.Release|Any CPU.ActiveCfg = Release|Any CPU
		{48B1079C-3CB1-4424-8F67-64D949CE734D}.Release|Any CPU.Build.0 = Release|Any CPU
		{A4639319-FEB9-4BCE-B1EC-F27AAE0AC642}.Debug|Any CPU.ActiveCfg = Debug|Any CPU
		{A4639319-FEB9-4BCE-B1EC-F27AAE0AC642}.Debug|Any CPU.Build.0 = Debug|Any CPU
		{A4639319-FEB9-4BCE-B1EC-F27AAE0AC642}.Release|Any CPU.ActiveCfg = Release|Any CPU
		{A4639319-FEB9-4BCE-B1EC-F27AAE0AC642}.Release|Any CPU.Build.0 = Release|Any CPU
		{31D5273E-295E-41C6-8EE0-228F71A02C43}.Debug|Any CPU.ActiveCfg = Debug|Any CPU
		{31D5273E-295E-41C6-8EE0-228F71A02C43}.Debug|Any CPU.Build.0 = Debug|Any CPU
		{31D5273E-295E-41C6-8EE0-228F71A02C43}.Release|Any CPU.ActiveCfg = Release|Any CPU
		{31D5273E-295E-41C6-8EE0-228F71A02C43}.Release|Any CPU.Build.0 = Release|Any CPU
		{239C3D79-BEE4-42A3-93BF-F4EB583558E9}.Debug|Any CPU.ActiveCfg = Debug|Any CPU
		{239C3D79-BEE4-42A3-93BF-F4EB583558E9}.Debug|Any CPU.Build.0 = Debug|Any CPU
		{239C3D79-BEE4-42A3-93BF-F4EB583558E9}.Release|Any CPU.ActiveCfg = Release|Any CPU
		{239C3D79-BEE4-42A3-93BF-F4EB583558E9}.Release|Any CPU.Build.0 = Release|Any CPU
		{F3B4B4ED-82CD-409D-8FD2-4FEA96A3C527}.Debug|Any CPU.ActiveCfg = Debug|Any CPU
		{F3B4B4ED-82CD-409D-8FD2-4FEA96A3C527}.Debug|Any CPU.Build.0 = Debug|Any CPU
		{F3B4B4ED-82CD-409D-8FD2-4FEA96A3C527}.Release|Any CPU.ActiveCfg = Release|Any CPU
		{F3B4B4ED-82CD-409D-8FD2-4FEA96A3C527}.Release|Any CPU.Build.0 = Release|Any CPU
		{8B1E506B-49C1-408E-A342-E0324CD7DCC1}.Debug|Any CPU.ActiveCfg = Debug|Any CPU
		{8B1E506B-49C1-408E-A342-E0324CD7DCC1}.Debug|Any CPU.Build.0 = Debug|Any CPU
		{8B1E506B-49C1-408E-A342-E0324CD7DCC1}.Release|Any CPU.ActiveCfg = Release|Any CPU
		{8B1E506B-49C1-408E-A342-E0324CD7DCC1}.Release|Any CPU.Build.0 = Release|Any CPU
		{8FF1469F-1263-4531-A3B4-595C7B0EBBB1}.Debug|Any CPU.ActiveCfg = Debug|Any CPU
		{8FF1469F-1263-4531-A3B4-595C7B0EBBB1}.Debug|Any CPU.Build.0 = Debug|Any CPU
		{8FF1469F-1263-4531-A3B4-595C7B0EBBB1}.Release|Any CPU.ActiveCfg = Release|Any CPU
		{8FF1469F-1263-4531-A3B4-595C7B0EBBB1}.Release|Any CPU.Build.0 = Release|Any CPU
		{4EA06E71-4761-4EC4-B2E5-F928669B5F5D}.Debug|Any CPU.ActiveCfg = Debug|Any CPU
		{4EA06E71-4761-4EC4-B2E5-F928669B5F5D}.Debug|Any CPU.Build.0 = Debug|Any CPU
		{4EA06E71-4761-4EC4-B2E5-F928669B5F5D}.Release|Any CPU.ActiveCfg = Release|Any CPU
		{4EA06E71-4761-4EC4-B2E5-F928669B5F5D}.Release|Any CPU.Build.0 = Release|Any CPU
		{1B35642B-3B2C-4011-A751-01F6A5F8EB27}.Debug|Any CPU.ActiveCfg = Debug|Any CPU
		{1B35642B-3B2C-4011-A751-01F6A5F8EB27}.Debug|Any CPU.Build.0 = Debug|Any CPU
		{1B35642B-3B2C-4011-A751-01F6A5F8EB27}.Release|Any CPU.ActiveCfg = Release|Any CPU
		{1B35642B-3B2C-4011-A751-01F6A5F8EB27}.Release|Any CPU.Build.0 = Release|Any CPU
		{88BE2545-8259-43E3-8267-71B9461AD379}.Debug|Any CPU.ActiveCfg = Debug|Any CPU
		{88BE2545-8259-43E3-8267-71B9461AD379}.Debug|Any CPU.Build.0 = Debug|Any CPU
		{88BE2545-8259-43E3-8267-71B9461AD379}.Release|Any CPU.ActiveCfg = Release|Any CPU
		{88BE2545-8259-43E3-8267-71B9461AD379}.Release|Any CPU.Build.0 = Release|Any CPU
	EndGlobalSection
	GlobalSection(SolutionProperties) = preSolution
		HideSolutionNode = FALSE
	EndGlobalSection
EndGlobal
